
Microsoft Visual Studio Solution File, Format Version 12.00
# Visual Studio Version 17
VisualStudioVersion = 17.11.35312.102
MinimumVisualStudioVersion = 10.0.40219.1
Project("{FAE04EC0-301F-11D3-BF4B-00C04F79EFBC}") = "Abstracciones", "Abstracciones\Abstracciones.csproj", "{D4D956DF-D632-4C74-8283-0F638603D30D}"
EndProject
Project("{00D1A9C2-B5F0-4AF3-8072-F6C62B433612}") = "BD", "BD\BD.sqlproj", "{BE5CF919-CBF0-4323-9344-BA80E39A8749}"
EndProject
Project("{FAE04EC0-301F-11D3-BF4B-00C04F79EFBC}") = "DA", "DA\DA.csproj", "{5EB33F11-507D-4895-92D5-AA1F8718810C}"
EndProject
Project("{FAE04EC0-301F-11D3-BF4B-00C04F79EFBC}") = "Flujo", "Flujo\Flujo.csproj", "{8F52400C-43A3-49CD-85B5-D437B15D7619}"
EndProject
Project("{FAE04EC0-301F-11D3-BF4B-00C04F79EFBC}") = "API", "API\API.csproj", "{E46BBB1A-9036-4586-847B-BC451DF71798}"
EndProject
Global
	GlobalSection(SolutionConfigurationPlatforms) = preSolution
		Debug|Any CPU = Debug|Any CPU
		Release|Any CPU = Release|Any CPU
	EndGlobalSection
	GlobalSection(ProjectConfigurationPlatforms) = postSolution
		{D4D956DF-D632-4C74-8283-0F638603D30D}.Debug|Any CPU.ActiveCfg = Debug|Any CPU
		{D4D956DF-D632-4C74-8283-0F638603D30D}.Debug|Any CPU.Build.0 = Debug|Any CPU
		{D4D956DF-D632-4C74-8283-0F638603D30D}.Release|Any CPU.ActiveCfg = Release|Any CPU
		{D4D956DF-D632-4C74-8283-0F638603D30D}.Release|Any CPU.Build.0 = Release|Any CPU
		{BE5CF919-CBF0-4323-9344-BA80E39A8749}.Debug|Any CPU.ActiveCfg = Debug|Any CPU
		{BE5CF919-CBF0-4323-9344-BA80E39A8749}.Debug|Any CPU.Build.0 = Debug|Any CPU
		{BE5CF919-CBF0-4323-9344-BA80E39A8749}.Debug|Any CPU.Deploy.0 = Debug|Any CPU
		{BE5CF919-CBF0-4323-9344-BA80E39A8749}.Release|Any CPU.ActiveCfg = Release|Any CPU
		{BE5CF919-CBF0-4323-9344-BA80E39A8749}.Release|Any CPU.Build.0 = Release|Any CPU
		{BE5CF919-CBF0-4323-9344-BA80E39A8749}.Release|Any CPU.Deploy.0 = Release|Any CPU
		{5EB33F11-507D-4895-92D5-AA1F8718810C}.Debug|Any CPU.ActiveCfg = Debug|Any CPU
		{5EB33F11-507D-4895-92D5-AA1F8718810C}.Debug|Any CPU.Build.0 = Debug|Any CPU
		{5EB33F11-507D-4895-92D5-AA1F8718810C}.Release|Any CPU.ActiveCfg = Release|Any CPU
		{5EB33F11-507D-4895-92D5-AA1F8718810C}.Release|Any CPU.Build.0 = Release|Any CPU
		{8F52400C-43A3-49CD-85B5-D437B15D7619}.Debug|Any CPU.ActiveCfg = Debug|Any CPU
		{8F52400C-43A3-49CD-85B5-D437B15D7619}.Debug|Any CPU.Build.0 = Debug|Any CPU
		{8F52400C-43A3-49CD-85B5-D437B15D7619}.Release|Any CPU.ActiveCfg = Release|Any CPU
		{8F52400C-43A3-49CD-85B5-D437B15D7619}.Release|Any CPU.Build.0 = Release|Any CPU
		{E46BBB1A-9036-4586-847B-BC451DF71798}.Debug|Any CPU.ActiveCfg = Debug|Any CPU
		{E46BBB1A-9036-4586-847B-BC451DF71798}.Debug|Any CPU.Build.0 = Debug|Any CPU
		{E46BBB1A-9036-4586-847B-BC451DF71798}.Release|Any CPU.ActiveCfg = Release|Any CPU
		{E46BBB1A-9036-4586-847B-BC451DF71798}.Release|Any CPU.Build.0 = Release|Any CPU
	EndGlobalSection
	GlobalSection(SolutionProperties) = preSolution
		HideSolutionNode = FALSE
	EndGlobalSection
	GlobalSection(ExtensibilityGlobals) = postSolution
		SolutionGuid = {A667C7F5-6187-4087-86E9-9F8AAEF99E2A}
	EndGlobalSection
EndGlobal
